# THIS IS AN AUTOGENERATED FILE. DO NOT EDIT THIS FILE DIRECTLY.
# yarn lockfile v1


ansi-color@^0.2.1:
  version "0.2.1"
  resolved "http://registry.npm.taobao.org/ansi-color/download/ansi-color-0.2.1.tgz#3e75c037475217544ed763a8db5709fa9ae5bf9a"
  integrity sha1-PnXAN0dSF1RO12Oo21cJ+prlv5o=

async-local-storage@^2.0.0:
  version "2.0.0"
  resolved "https://registry.npmjs.org/async-local-storage/-/async-local-storage-2.0.0.tgz#bba6172e6b49b9b534e9826e6a8ced8f736cc893"
  integrity sha512-kRgWqvxVQoQOEPQtxLsDsaJk3oKHt5lTbv0LFfJlh+VwMGKWWOsrRpLExLnxuHVh1c4/NDmxQS6AlPvjKCTflA==
  dependencies:
    nano-seconds "^1.2.2"

bufrw@^1.2.1:
  version "1.2.1"
  resolved "http://registry.npm.taobao.org/bufrw/download/bufrw-1.2.1.tgz#93f222229b4f5f5e2cd559236891407f9853663b"
  integrity sha1-k/IiIptPX14s1VkjaJFAf5hTZjs=
  dependencies:
    ansi-color "^0.2.1"
    error "^7.0.0"
    xtend "^4.0.0"

error@7.0.2, error@^7.0.0:
  version "7.0.2"
  resolved "http://registry.npm.taobao.org/error/download/error-7.0.2.tgz#a5f75fff4d9926126ddac0ea5dc38e689153cb02"
  integrity sha1-pfdf/02ZJhJt2sDqXcOOaJFTywI=
  dependencies:
    string-template "~0.2.1"
    xtend "~4.0.0"

jaeger-client@^3.13.0:
  version "3.13.0"
  resolved "http://registry.npm.taobao.org/jaeger-client/download/jaeger-client-3.13.0.tgz#c5b228242d65389a13eb24eeb56a55409d72c94e"
  integrity sha1-xbIoJC1lOJoT6yTutWpVQJ1yyU4=
  dependencies:
    node-int64 "^0.4.0"
    opentracing "^0.13.0"
    thriftrw "^3.5.0"
    uuid "^3.2.1"
    xorshift "^0.2.0"

long@^2.4.0:
  version "2.4.0"
  resolved "http://registry.npm.taobao.org/long/download/long-2.4.0.tgz#9fa180bb1d9500cdc29c4156766a1995e1f4524f"
  integrity sha1-n6GAux2VAM3CnEFWdmoZleH0Uk8=

nano-seconds@^1.2.2:
  version "1.2.2"
  resolved "https://registry.npmjs.org/nano-seconds/-/nano-seconds-1.2.2.tgz#e8d89971547a57083201ca121543aeeafeab4b02"
  integrity sha512-s06EY41x1hM6BJE2HhIFRzvXuVUlZNd4761lduv+hjgtDDR7W4RzhShkap2wJcWMO6+CahR+49cCQJfFmgf7gw==

node-int64@^0.4.0:
  version "0.4.0"
  resolved "http://registry.npm.taobao.org/node-int64/download/node-int64-0.4.0.tgz#87a9065cdb355d3182d8f94ce11188b825c68a3b"
  integrity sha1-h6kGXNs1XTGC2PlM4RGIuCXGijs=

opentracing@^0.13.0:
  version "0.13.0"
  resolved "http://registry.npm.taobao.org/opentracing/download/opentracing-0.13.0.tgz#6a341442f09d7d866bc11ed03de1e3828e3d6aab"
  integrity sha1-ajQUQvCdfYZrwR7QPeHjgo49aqs=

string-template@~0.2.1:
  version "0.2.1"
  resolved "http://registry.npm.taobao.org/string-template/download/string-template-0.2.1.tgz#42932e598a352d01fc22ec3367d9d84eec6c9add"
  integrity sha1-QpMuWYo1LQH8IuwzZ9nYTuxsmt0=

thriftrw@^3.5.0:
  version "3.11.3"
  resolved "http://registry.npm.taobao.org/thriftrw/download/thriftrw-3.11.3.tgz#2cef6b4d089b7ba6275198b86582881582907d45"
  integrity sha1-LO9rTQibe6YnUZi4ZYKIFYKQfUU=
  dependencies:
    bufrw "^1.2.1"
    error "7.0.2"
    long "^2.4.0"

uuid@^3.2.1:
  version "3.3.2"
  resolved "http://registry.npm.taobao.org/uuid/download/uuid-3.3.2.tgz#1b4af4955eb3077c501c23872fc6513811587131"
  integrity sha1-G0r0lV6zB3xQHCOHL8ZROBFYcTE=

xorshift@^0.2.0:
  version "0.2.1"
  resolved "http://registry.npm.taobao.org/xorshift/download/xorshift-0.2.1.tgz#fcd82267e9351c13f0fb9c73307f25331d29c63a"
  integrity sha1-/NgiZ+k1HBPw+5xzMH8lMx0pxjo=

xtend@^4.0.0, xtend@~4.0.0:
  version "4.0.1"
  resolved "http://registry.npm.taobao.org/xtend/download/xtend-4.0.1.tgz#a5c6d532be656e23db820efb943a1f04998d63af"
  integrity sha1-pcbVMr5lbiPbgg77lDofBJmNY68=
